// !$*UTF8*$!
{
	archiveVersion = 1;
	classes = {
	};
	objectVersion = 46;
	objects = {

/* Begin PBXBuildFile section */
		6D428CFA1B79A87100AEB96A /* AppDelegate.swift in Sources */ = {isa = PBXBuildFile; fileRef = 6D428CF91B79A87100AEB96A /* AppDelegate.swift */; };
		6D428CFC1B79A87100AEB96A /* ViewController.swift in Sources */ = {isa = PBXBuildFile; fileRef = 6D428CFB1B79A87100AEB96A /* ViewController.swift */; };
		6D428CFF1B79A87100AEB96A /* Main.storyboard in Resources */ = {isa = PBXBuildFile; fileRef = 6D428CFD1B79A87100AEB96A /* Main.storyboard */; };
		6D428D011B79A87100AEB96A /* Images.xcassets in Resources */ = {isa = PBXBuildFile; fileRef = 6D428D001B79A87100AEB96A /* Images.xcassets */; };
		6D428D041B79A87100AEB96A /* LaunchScreen.xib in Resources */ = {isa = PBXBuildFile; fileRef = 6D428D021B79A87100AEB96A /* LaunchScreen.xib */; };
		6D428D101B79A87100AEB96A /* TestingTests.swift in Sources */ = {isa = PBXBuildFile; fileRef = 6D428D0F1B79A87100AEB96A /* TestingTests.swift */; };
/* End PBXBuildFile section */

/* Begin PBXContainerItemProxy section */
		6D428D0A1B79A87100AEB96A /* PBXContainerItemProxy */ = {
			isa = PBXContainerItemProxy;
			containerPortal = 6D428CEC1B79A87000AEB96A /* Project object */;
			proxyType = 1;
			remoteGlobalIDString = 6D428CF31B79A87000AEB96A;
			remoteInfo = Testing;
		};
/* End PBXContainerItemProxy section */

/* Begin PBXFileReference section */
		6D428CF41B79A87100AEB96A /* Testing.app */ = {isa = PBXFileReference; explicitFileType = wrapper.application; includeInIndex = 0; path = Testing.app; sourceTree = BUILT_PRODUCTS_DIR; };
		6D428CF81B79A87100AEB96A /* Info.plist */ = {isa = PBXFileReference; lastKnownFileType = text.plist.xml; path = Info.plist; sourceTree = "<group>"; };
		6D428CF91B79A87100AEB96A /* AppDelegate.swift */ = {isa = PBXFileReference; lastKnownFileType = sourcecode.swift; path = AppDelegate.swift; sourceTree = "<group>"; };
		6D428CFB1B79A87100AEB96A /* ViewController.swift */ = {isa = PBXFileReference; lastKnownFileType = sourcecode.swift; path = ViewController.swift; sourceTree = "<group>"; };
		6D428CFE1B79A87100AEB96A /* Base */ = {isa = PBXFileReference; lastKnownFileType = file.storyboard; name = Base; path = Base.lproj/Main.storyboard; sourceTree = "<group>"; };
		6D428D001B79A87100AEB96A /* Images.xcassets */ = {isa = PBXFileReference; lastKnownFileType = folder.assetcatalog; path = Images.xcassets; sourceTree = "<group>"; };
		6D428D031B79A87100AEB96A /* Base */ = {isa = PBXFileReference; lastKnownFileType = file.xib; name = Base; path = Base.lproj/LaunchScreen.xib; sourceTree = "<group>"; };
		6D428D091B79A87100AEB96A /* TestingTests.xctest */ = {isa = PBXFileReference; explicitFileType = wrapper.cfbundle; includeInIndex = 0; path = TestingTests.xctest; sourceTree = BUILT_PRODUCTS_DIR; };
		6D428D0E1B79A87100AEB96A /* Info.plist */ = {isa = PBXFileReference; lastKnownFileType = text.plist.xml; path = Info.plist; sourceTree = "<group>"; };
		6D428D0F1B79A87100AEB96A /* TestingTests.swift */ = {isa = PBXFileReference; lastKnownFileType = sourcecode.swift; path = TestingTests.swift; sourceTree = "<group>"; };
/* End PBXFileReference section */

/* Begin PBXFrameworksBuildPhase section */
		6D428CF11B79A87000AEB96A /* Frameworks */ = {
			isa = PBXFrameworksBuildPhase;
			buildActionMask = 2147483647;
			files = (
			);
			runOnlyForDeploymentPostprocessing = 0;
		};
		6D428D061B79A87100AEB96A /* Frameworks */ = {
			isa = PBXFrameworksBuildPhase;
			buildActionMask = 2147483647;
			files = (
			);
			runOnlyForDeploymentPostprocessing = 0;
		};
/* End PBXFrameworksBuildPhase section */

/* Begin PBXGroup section */
		6D428CEB1B79A87000AEB96A = {
			isa = PBXGroup;
			children = (
				6D428CF61B79A87100AEB96A /* Testing */,
				6D428D0C1B79A87100AEB96A /* TestingTests */,
				6D428CF51B79A87100AEB96A /* Products */,
			);
			sourceTree = "<group>";
		};
		6D428CF51B79A87100AEB96A /* Products */ = {
			isa = PBXGroup;
			children = (
				6D428CF41B79A87100AEB96A /* Testing.app */,
				6D428D091B79A87100AEB96A /* TestingTests.xctest */,
			);
			name = Products;
			sourceTree = "<group>";
		};
		6D428CF61B79A87100AEB96A /* Testing */ = {
			isa = PBXGroup;
			children = (
				6D428CF91B79A87100AEB96A /* AppDelegate.swift */,
				6D428CFB1B79A87100AEB96A /* ViewController.swift */,
				6D428CFD1B79A87100AEB96A /* Main.storyboard */,
				6D428D001B79A87100AEB96A /* Images.xcassets */,
				6D428D021B79A87100AEB96A /* LaunchScreen.xib */,
				6D428CF71B79A87100AEB96A /* Supporting Files */,
			);
			path = Testing;
			sourceTree = "<group>";
		};
		6D428CF71B79A87100AEB96A /* Supporting Files */ = {
			isa = PBXGroup;
			children = (
				6D428CF81B79A87100AEB96A /* Info.plist */,
			);
			name = "Supporting Files";
			sourceTree = "<group>";
		};
		6D428D0C1B79A87100AEB96A /* TestingTests */ = {
			isa = PBXGroup;
			children = (
				6D428D0F1B79A87100AEB96A /* TestingTests.swift */,
				6D428D0D1B79A87100AEB96A /* Supporting Files */,
			);
			path = TestingTests;
			sourceTree = "<group>";
		};
		6D428D0D1B79A87100AEB96A /* Supporting Files */ = {
			isa = PBXGroup;
			children = (
				6D428D0E1B79A87100AEB96A /* Info.plist */,
			);
			name = "Supporting Files";
			sourceTree = "<group>";
		};
/* End PBXGroup section */

/* Begin PBXNativeTarget section */
		6D428CF31B79A87000AEB96A /* Testing */ = {
			isa = PBXNativeTarget;
			buildConfigurationList = 6D428D131B79A87100AEB96A /* Build configuration list for PBXNativeTarget "Testing" */;
			buildPhases = (
				6D428CF01B79A87000AEB96A /* Sources */,
				6D428CF11B79A87000AEB96A /* Frameworks */,
				6D428CF21B79A87000AEB96A /* Resources */,
			);
			buildRules = (
			);
			dependencies = (
			);
			name = Testing;
			productName = Testing;
			productReference = 6D428CF41B79A87100AEB96A /* Testing.app */;
			productType = "com.apple.product-type.application";
		};
		6D428D081B79A87100AEB96A /* TestingTests */ = {
			isa = PBXNativeTarget;
			buildConfigurationList = 6D428D161B79A87100AEB96A /* Build configuration list for PBXNativeTarget "TestingTests" */;
			buildPhases = (
				6D428D051B79A87100AEB96A /* Sources */,
				6D428D061B79A87100AEB96A /* Frameworks */,
				6D428D071B79A87100AEB96A /* Resources */,
			);
			buildRules = (
			);
			dependencies = (
				6D428D0B1B79A87100AEB96A /* PBXTargetDependency */,
			);
			name = TestingTests;
			productName = TestingTests;
			productReference = 6D428D091B79A87100AEB96A /* TestingTests.xctest */;
			productType = "com.apple.product-type.bundle.unit-test";
		};
/* End PBXNativeTarget section */

/* Begin PBXProject section */
		6D428CEC1B79A87000AEB96A /* Project object */ = {
			isa = PBXProject;
			attributes = {
				LastUpgradeCheck = 0640;
				ORGANIZATIONNAME = "Pamela Needle";
				TargetAttributes = {
					6D428CF31B79A87000AEB96A = {
						CreatedOnToolsVersion = 6.4;
					};
					6D428D081B79A87100AEB96A = {
						CreatedOnToolsVersion = 6.4;
						TestTargetID = 6D428CF31B79A87000AEB96A;
					};
				};
			};
			buildConfigurationList = 6D428CEF1B79A87000AEB96A /* Build configuration list for PBXProject "Testing" */;
			compatibilityVersion = "Xcode 3.2";
			developmentRegion = English;
			hasScannedForEncodings = 0;
			knownRegions = (
				en,
				Base,
			);
			mainGroup = 6D428CEB1B79A87000AEB96A;
			productRefGroup = 6D428CF51B79A87100AEB96A /* Products */;
			projectDirPath = "";
			projectRoot = "";
			targets = (
				6D428CF31B79A87000AEB96A /* Testing */,
				6D428D081B79A87100AEB96A /* TestingTests */,
			);
		};
/* End PBXProject section */

/* Begin PBXResourcesBuildPhase section */
		6D428CF21B79A87000AEB96A /* Resources */ = {
			isa = PBXResourcesBuildPhase;
			buildActionMask = 2147483647;
			files = (
				6D428CFF1B79A87100AEB96A /* Main.storyboard in Resources */,
				6D428D041B79A87100AEB96A /* LaunchScreen.xib in Resources */,
				6D428D011B79A87100AEB96A /* Images.xcassets in Resources */,
			);
			runOnlyForDeploymentPostprocessing = 0;
		};
		6D428D071B79A87100AEB96A /* Resources */ = {
			isa = PBXResourcesBuildPhase;
			buildActionMask = 2147483647;
			files = (
			);
			runOnlyForDeploymentPostprocessing = 0;
		};
/* End PBXResourcesBuildPhase section */

/* Begin PBXSourcesBuildPhase section */
		6D428CF01B79A87000AEB96A /* Sources */ = {
			isa = PBXSourcesBuildPhase;
			buildActionMask = 2147483647;
			files = (
				6D428CFC1B79A87100AEB96A /* ViewController.swift in Sources */,
				6D428CFA1B79A87100AEB96A /* AppDelegate.swift in Sources */,
			);
			runOnlyForDeploymentPostprocessing = 0;
		};
		6D428D051B79A87100AEB96A /* Sources */ = {
			isa = PBXSourcesBuildPhase;
			buildActionMask = 2147483647;
			files = (
				6D428D101B79A87100AEB96A /* TestingTests.swift in Sources */,
			);
			runOnlyForDeploymentPostprocessing = 0;
		};
/* End PBXSourcesBuildPhase section */

/* Begin PBXTargetDependency section */
		6D428D0B1B79A87100AEB96A /* PBXTargetDependency */ = {
			isa = PBXTargetDependency;
			target = 6D428CF31B79A87000AEB96A /* Testing */;
			targetProxy = 6D428D0A1B79A87100AEB96A /* PBXContainerItemProxy */;
		};
/* End PBXTargetDependency section */

/* Begin PBXVariantGroup section */
		6D428CFD1B79A87100AEB96A /* Main.storyboard */ = {
			isa = PBXVariantGroup;
			children = (
				6D428CFE1B79A87100AEB96A /* Base */,
			);
			name = Main.storyboard;
			sourceTree = "<group>";
		};
		6D428D021B79A87100AEB96A /* LaunchScreen.xib */ = {
			isa = PBXVariantGroup;
			children = (
				6D428D031B79A87100AEB96A /* Base */,
			);
			name = LaunchScreen.xib;
			sourceTree = "<group>";
		};
/* End PBXVariantGroup section */

/* Begin XCBuildConfiguration section */
		6D428D111B79A87100AEB96A /* Debug */ = {
			isa = XCBuildConfiguration;
			buildSettings = {
				ALWAYS_SEARCH_USER_PATHS = NO;
				CLANG_CXX_LANGUAGE_STANDARD = "gnu++0x";
				CLANG_CXX_LIBRARY = "libc++";
				CLANG_ENABLE_MODULES = YES;
				CLANG_ENABLE_OBJC_ARC = YES;
				CLANG_WARN_BOOL_CONVERSION = YES;
				CLANG_WARN_CONSTANT_CONVERSION = YES;
				CLANG_WARN_DIRECT_OBJC_ISA_USAGE = YES_ERROR;
				CLANG_WARN_EMPTY_BODY = YES;
				CLANG_WARN_ENUM_CONVERSION = YES;
				CLANG_WARN_INT_CONVERSION = YES;
				CLANG_WARN_OBJC_ROOT_CLASS = YES_ERROR;
				CLANG_WARN_UNREACHABLE_CODE = YES;
				CLANG_WARN__DUPLICATE_METHOD_MATCH = YES;
				"CODE_SIGN_IDENTITY[sdk=iphoneos*]" = "iPhone Developer";
				COPY_PHASE_STRIP = NO;
				DEBUG_INFORMATION_FORMAT = "dwarf-with-dsym";
				ENABLE_STRICT_OBJC_MSGSEND = YES;
				GCC_C_LANGUAGE_STANDARD = gnu99;
				GCC_DYNAMIC_NO_PIC = NO;
				GCC_NO_COMMON_BLOCKS = YES;
				GCC_OPTIMIZATION_LEVEL = 0;
				GCC_PREPROCESSOR_DEFINITIONS = (
					"DEBUG=1",
					"$(inherited)",
				);
				GCC_SYMBOLS_PRIVATE_EXTERN = NO;
				GCC_WARN_64_TO_32_BIT_CONVERSION = YES;
				GCC_WARN_ABOUT_RETURN_TYPE = YES_ERROR;
				GCC_WARN_UNDECLARED_SELECTOR = YES;
				GCC_WARN_UNINITIALIZED_AUTOS = YES_AGGRESSIVE;
				GCC_WARN_UNUSED_FUNCTION = YES;
				GCC_WARN_UNUSED_VARIABLE = YES;
				IPHONEOS_DEPLOYMENT_TARGET = 8.4;
				MTL_ENABLE_DEBUG_INFO = YES;
				ONLY_ACTIVE_ARCH = YES;
				SDKROOT = iphoneos;
				SWIFT_OPTIMIZATION_LEVEL = "-Onone";
			};
			name = Debug;
		};
		6D428D121B79A87100AEB96A /* Release */ = {
			isa = XCBuildConfiguration;
			buildSettings = {
				ALWAYS_SEARCH_USER_PATHS = NO;
				CLANG_CXX_LANGUAGE_STANDARD = "gnu++0x";
				CLANG_CXX_LIBRARY = "libc++";
				CLANG_ENABLE_MODULES = YES;
				CLANG_ENABLE_OBJC_ARC = YES;
				CLANG_WARN_BOOL_CONVERSION = YES;
				CLANG_WARN_CONSTANT_CONVERSION = YES;
				CLANG_WARN_DIRECT_OBJC_ISA_USAGE = YES_ERROR;
				CLANG_WARN_EMPTY_BODY = YES;
				CLANG_WARN_ENUM_CONVERSION = YES;
				CLANG_WARN_INT_CONVERSION = YES;
				CLANG_WARN_OBJC_ROOT_CLASS = YES_ERROR;
				CLANG_WARN_UNREACHABLE_CODE = YES;
				CLANG_WARN__DUPLICATE_METHOD_MATCH = YES;
				"CODE_SIGN_IDENTITY[sdk=iphoneos*]" = "iPhone Developer";
				COPY_PHASE_STRIP = NO;
				DEBUG_INFORMATION_FORMAT = "dwarf-with-dsym";
				ENABLE_NS_ASSERTIONS = NO;
				ENABLE_STRICT_OBJC_MSGSEND = YES;
				GCC_C_LANGUAGE_STANDARD = gnu99;
				GCC_NO_COMMON_BLOCKS = YES;
				GCC_WARN_64_TO_32_BIT_CONVERSION = YES;
				GCC_WARN_ABOUT_RETURN_TYPE = YES_ERROR;
				GCC_WARN_UNDECLARED_SELECTOR = YES;
				GCC_WARN_UNINITIALIZED_AUTOS = YES_AGGRESSIVE;
				GCC_WARN_UNUSED_FUNCTION = YES;
				GCC_WARN_UNUSED_VARIABLE = YES;
				IPHONEOS_DEPLOYMENT_TARGET = 8.4;
				MTL_ENABLE_DEBUG_INFO = NO;
				SDKROOT = iphoneos;
				VALIDATE_PRODUCT = YES;
			};
			name = Release;
		};
		6D428D141B79A87100AEB96A /* Debug */ = {
			isa = XCBuildConfiguration;
			buildSettings = {
				ASSETCATALOG_COMPILER_APPICON_NAME = AppIcon;
				INFOPLIST_FILE = Testing/Info.plist;
				LD_RUNPATH_SEARCH_PATHS = "$(inherited) @executable_path/Frameworks";
				PRODUCT_NAME = "$(TARGET_NAME)";
			};
			name = Debug;
		};
		6D428D151B79A87100AEB96A /* Release */ = {
			isa = XCBuildConfiguration;
			buildSettings = {
				ASSETCATALOG_COMPILER_APPICON_NAME = AppIcon;
				INFOPLIST_FILE = Testing/Info.plist;
				LD_RUNPATH_SEARCH_PATHS = "$(inherited) @executable_path/Frameworks";
				PRODUCT_NAME = "$(TARGET_NAME)";
			};
			name = Release;
		};
		6D428D171B79A87100AEB96A /* Debug */ = {
			isa = XCBuildConfiguration;
			buildSettings = {
				BUNDLE_LOADER = "$(TEST_HOST)";
				FRAMEWORK_SEARCH_PATHS = (
					"$(SDKROOT)/Developer/Library/Frameworks",
					"$(inherited)",
				);
				GCC_PREPROCESSOR_DEFINITIONS = (
					"DEBUG=1",
					"$(inherited)",
				);
				INFOPLIST_FILE = TestingTests/Info.plist;
				LD_RUNPATH_SEARCH_PATHS = "$(inherited) @executable_path/Frameworks @loader_path/Frameworks";
				PRODUCT_NAME = "$(TARGET_NAME)";
				TEST_HOST = "$(BUILT_PRODUCTS_DIR)/Testing.app/Testing";
			};
			name = Debug;
		};
		6D428D181B79A87100AEB96A /* Release */ = {
			isa = XCBuildConfiguration;
			buildSettings = {
				BUNDLE_LOADER = "$(TEST_HOST)";
				FRAMEWORK_SEARCH_PATHS = (
					"$(SDKROOT)/Developer/Library/Frameworks",
					"$(inherited)",
				);
				INFOPLIST_FILE = TestingTests/Info.plist;
				LD_RUNPATH_SEARCH_PATHS = "$(inherited) @executable_path/Frameworks @loader_path/Frameworks";
				PRODUCT_NAME = "$(TARGET_NAME)";
				TEST_HOST = "$(BUILT_PRODUCTS_DIR)/Testing.app/Testing";
			};
			name = Release;
		};
/* End XCBuildConfiguration section */

/* Begin XCConfigurationList section */
		6D428CEF1B79A87000AEB96A /* Build configuration list for PBXProject "Testing" */ = {
			isa = XCConfigurationList;
			buildConfigurations = (
				6D428D111B79A87100AEB96A /* Debug */,
				6D428D121B79A87100AEB96A /* Release */,
			);
			defaultConfigurationIsVisible = 0;
			defaultConfigurationName = Release;
		};
		6D428D131B79A87100AEB96A /* Build configuration list for PBXNativeTarget "Testing" */ = {
			isa = XCConfigurationList;
			buildConfigurations = (
				6D428D141B79A87100AEB96A /* Debug */,
				6D428D151B79A87100AEB96A /* Release */,
			);
			defaultConfigurationIsVisible = 0;
		};
		6D428D161B79A87100AEB96A /* Build configuration list for PBXNativeTarget "TestingTests" */ = {
			isa = XCConfigurationList;
			buildConfigurations = (
				6D428D171B79A87100AEB96A /* Debug */,
				6D428D181B79A87100AEB96A /* Release */,
			);
			defaultConfigurationIsVisible = 0;
		};
/* End XCConfigurationList section */
	};
	rootObject = 6D428CEC1B79A87000AEB96A /* Project object */;
}
